// !$*UTF8*$!
{
	archiveVersion = 1;
	classes = {
	};
	objectVersion = 46;
	objects = {

/* Begin PBXBuildFile section */
		F637CF4D1A22750D009601DD /* AppDelegate.swift in Sources */ = {isa = PBXBuildFile; fileRef = F637CF4C1A22750D009601DD /* AppDelegate.swift */; };
		F637CF4F1A22750D009601DD /* ViewController.swift in Sources */ = {isa = PBXBuildFile; fileRef = F637CF4E1A22750D009601DD /* ViewController.swift */; };
		F637CF521A22750D009601DD /* Main.storyboard in Resources */ = {isa = PBXBuildFile; fileRef = F637CF501A22750D009601DD /* Main.storyboard */; };
		F637CF541A22750D009601DD /* Images.xcassets in Resources */ = {isa = PBXBuildFile; fileRef = F637CF531A22750D009601DD /* Images.xcassets */; };
		F637CF571A22750D009601DD /* LaunchScreen.xib in Resources */ = {isa = PBXBuildFile; fileRef = F637CF551A22750D009601DD /* LaunchScreen.xib */; };
		F637CF631A22750D009601DD /* PostcardTests.swift in Sources */ = {isa = PBXBuildFile; fileRef = F637CF621A22750D009601DD /* PostcardTests.swift */; };
		F637CF6F1A227AC2009601DD /* AlbertEinsteinStamp.jpg in Resources */ = {isa = PBXBuildFile; fileRef = F637CF6E1A227AC2009601DD /* AlbertEinsteinStamp.jpg */; };
		F637CF731A227B2D009601DD /* SagradaFamilia.jpeg in Resources */ = {isa = PBXBuildFile; fileRef = F637CF721A227B2D009601DD /* SagradaFamilia.jpeg */; };
/* End PBXBuildFile section */

/* Begin PBXContainerItemProxy section */
		F637CF5D1A22750D009601DD /* PBXContainerItemProxy */ = {
			isa = PBXContainerItemProxy;
			containerPortal = F637CF3F1A22750D009601DD /* Project object */;
			proxyType = 1;
			remoteGlobalIDString = F637CF461A22750D009601DD;
			remoteInfo = Postcard;
		};
/* End PBXContainerItemProxy section */

/* Begin PBXFileReference section */
		F637CF471A22750D009601DD /* Postcard.app */ = {isa = PBXFileReference; explicitFileType = wrapper.application; includeInIndex = 0; path = Postcard.app; sourceTree = BUILT_PRODUCTS_DIR; };
		F637CF4B1A22750D009601DD /* Info.plist */ = {isa = PBXFileReference; lastKnownFileType = text.plist.xml; path = Info.plist; sourceTree = "<group>"; };
		F637CF4C1A22750D009601DD /* AppDelegate.swift */ = {isa = PBXFileReference; lastKnownFileType = sourcecode.swift; path = AppDelegate.swift; sourceTree = "<group>"; };
		F637CF4E1A22750D009601DD /* ViewController.swift */ = {isa = PBXFileReference; lastKnownFileType = sourcecode.swift; path = ViewController.swift; sourceTree = "<group>"; };
		F637CF511A22750D009601DD /* Base */ = {isa = PBXFileReference; lastKnownFileType = file.storyboard; name = Base; path = Base.lproj/Main.storyboard; sourceTree = "<group>"; };
		F637CF531A22750D009601DD /* Images.xcassets */ = {isa = PBXFileReference; lastKnownFileType = folder.assetcatalog; path = Images.xcassets; sourceTree = "<group>"; };
		F637CF561A22750D009601DD /* Base */ = {isa = PBXFileReference; lastKnownFileType = file.xib; name = Base; path = Base.lproj/LaunchScreen.xib; sourceTree = "<group>"; };
		F637CF5C1A22750D009601DD /* PostcardTests.xctest */ = {isa = PBXFileReference; explicitFileType = wrapper.cfbundle; includeInIndex = 0; path = PostcardTests.xctest; sourceTree = BUILT_PRODUCTS_DIR; };
		F637CF611A22750D009601DD /* Info.plist */ = {isa = PBXFileReference; lastKnownFileType = text.plist.xml; path = Info.plist; sourceTree = "<group>"; };
		F637CF621A22750D009601DD /* PostcardTests.swift */ = {isa = PBXFileReference; lastKnownFileType = sourcecode.swift; path = PostcardTests.swift; sourceTree = "<group>"; };
		F637CF6E1A227AC2009601DD /* AlbertEinsteinStamp.jpg */ = {isa = PBXFileReference; lastKnownFileType = image.jpeg; path = AlbertEinsteinStamp.jpg; sourceTree = "<group>"; };
		F637CF721A227B2D009601DD /* SagradaFamilia.jpeg */ = {isa = PBXFileReference; lastKnownFileType = image.jpeg; path = SagradaFamilia.jpeg; sourceTree = "<group>"; };
/* End PBXFileReference section */

/* Begin PBXFrameworksBuildPhase section */
		F637CF441A22750D009601DD /* Frameworks */ = {
			isa = PBXFrameworksBuildPhase;
			buildActionMask = 2147483647;
			files = (
			);
			runOnlyForDeploymentPostprocessing = 0;
		};
		F637CF591A22750D009601DD /* Frameworks */ = {
			isa = PBXFrameworksBuildPhase;
			buildActionMask = 2147483647;
			files = (
			);
			runOnlyForDeploymentPostprocessing = 0;
		};
/* End PBXFrameworksBuildPhase section */

/* Begin PBXGroup section */
		F637CF3E1A22750D009601DD = {
			isa = PBXGroup;
			children = (
				F637CF491A22750D009601DD /* Postcard */,
				F637CF5F1A22750D009601DD /* PostcardTests */,
				F637CF481A22750D009601DD /* Products */,
			);
			sourceTree = "<group>";
		};
		F637CF481A22750D009601DD /* Products */ = {
			isa = PBXGroup;
			children = (
				F637CF471A22750D009601DD /* Postcard.app */,
				F637CF5C1A22750D009601DD /* PostcardTests.xctest */,
			);
			name = Products;
			sourceTree = "<group>";
		};
		F637CF491A22750D009601DD /* Postcard */ = {
			isa = PBXGroup;
			children = (
				F637CF4C1A22750D009601DD /* AppDelegate.swift */,
				F637CF4E1A22750D009601DD /* ViewController.swift */,
				F637CF501A22750D009601DD /* Main.storyboard */,
				F637CF531A22750D009601DD /* Images.xcassets */,
				F637CF551A22750D009601DD /* LaunchScreen.xib */,
				F637CF4A1A22750D009601DD /* Supporting Files */,
			);
			path = Postcard;
			sourceTree = "<group>";
		};
		F637CF4A1A22750D009601DD /* Supporting Files */ = {
			isa = PBXGroup;
			children = (
				F637CF721A227B2D009601DD /* SagradaFamilia.jpeg */,
				F637CF6E1A227AC2009601DD /* AlbertEinsteinStamp.jpg */,
				F637CF4B1A22750D009601DD /* Info.plist */,
			);
			name = "Supporting Files";
			sourceTree = "<group>";
		};
		F637CF5F1A22750D009601DD /* PostcardTests */ = {
			isa = PBXGroup;
			children = (
				F637CF621A22750D009601DD /* PostcardTests.swift */,
				F637CF601A22750D009601DD /* Supporting Files */,
			);
			path = PostcardTests;
			sourceTree = "<group>";
		};
		F637CF601A22750D009601DD /* Supporting Files */ = {
			isa = PBXGroup;
			children = (
				F637CF611A22750D009601DD /* Info.plist */,
			);
			name = "Supporting Files";
			sourceTree = "<group>";
		};
/* End PBXGroup section */

/* Begin PBXNativeTarget section */
		F637CF461A22750D009601DD /* Postcard */ = {
			isa = PBXNativeTarget;
			buildConfigurationList = F637CF661A22750D009601DD /* Build configuration list for PBXNativeTarget "Postcard" */;
			buildPhases = (
				F637CF431A22750D009601DD /* Sources */,
				F637CF441A22750D009601DD /* Frameworks */,
				F637CF451A22750D009601DD /* Resources */,
			);
			buildRules = (
			);
			dependencies = (
			);
			name = Postcard;
			productName = Postcard;
			productReference = F637CF471A22750D009601DD /* Postcard.app */;
			productType = "com.apple.product-type.application";
		};
		F637CF5B1A22750D009601DD /* PostcardTests */ = {
			isa = PBXNativeTarget;
			buildConfigurationList = F637CF691A22750D009601DD /* Build configuration list for PBXNativeTarget "PostcardTests" */;
			buildPhases = (
				F637CF581A22750D009601DD /* Sources */,
				F637CF591A22750D009601DD /* Frameworks */,
				F637CF5A1A22750D009601DD /* Resources */,
			);
			buildRules = (
			);
			dependencies = (
				F637CF5E1A22750D009601DD /* PBXTargetDependency */,
			);
			name = PostcardTests;
			productName = PostcardTests;
			productReference = F637CF5C1A22750D009601DD /* PostcardTests.xctest */;
			productType = "com.apple.product-type.bundle.unit-test";
		};
/* End PBXNativeTarget section */

/* Begin PBXProject section */
		F637CF3F1A22750D009601DD /* Project object */ = {
			isa = PBXProject;
			attributes = {
				LastUpgradeCheck = 0610;
				ORGANIZATIONNAME = "Michael Clark";
				TargetAttributes = {
					F637CF461A22750D009601DD = {
						CreatedOnToolsVersion = 6.1;
					};
					F637CF5B1A22750D009601DD = {
						CreatedOnToolsVersion = 6.1;
						TestTargetID = F637CF461A22750D009601DD;
					};
				};
			};
			buildConfigurationList = F637CF421A22750D009601DD /* Build configuration list for PBXProject "Postcard" */;
			compatibilityVersion = "Xcode 3.2";
			developmentRegion = English;
			hasScannedForEncodings = 0;
			knownRegions = (
				en,
				Base,
			);
			mainGroup = F637CF3E1A22750D009601DD;
			productRefGroup = F637CF481A22750D009601DD /* Products */;
			projectDirPath = "";
			projectRoot = "";
			targets = (
				F637CF461A22750D009601DD /* Postcard */,
				F637CF5B1A22750D009601DD /* PostcardTests */,
			);
		};
/* End PBXProject section */

/* Begin PBXResourcesBuildPhase section */
		F637CF451A22750D009601DD /* Resources */ = {
			isa = PBXResourcesBuildPhase;
			buildActionMask = 2147483647;
			files = (
				F637CF521A22750D009601DD /* Main.storyboard in Resources */,
				F637CF6F1A227AC2009601DD /* AlbertEinsteinStamp.jpg in Resources */,
				F637CF571A22750D009601DD /* LaunchScreen.xib in Resources */,
				F637CF541A22750D009601DD /* Images.xcassets in Resources */,
				F637CF731A227B2D009601DD /* SagradaFamilia.jpeg in Resources */,
			);
			runOnlyForDeploymentPostprocessing = 0;
		};
		F637CF5A1A22750D009601DD /* Resources */ = {
			isa = PBXResourcesBuildPhase;
			buildActionMask = 2147483647;
			files = (
			);
			runOnlyForDeploymentPostprocessing = 0;
		};
/* End PBXResourcesBuildPhase section */

/* Begin PBXSourcesBuildPhase section */
		F637CF431A22750D009601DD /* Sources */ = {
			isa = PBXSourcesBuildPhase;
			buildActionMask = 2147483647;
			files = (
				F637CF4F1A22750D009601DD /* ViewController.swift in Sources */,
				F637CF4D1A22750D009601DD /* AppDelegate.swift in Sources */,
			);
			runOnlyForDeploymentPostprocessing = 0;
		};
		F637CF581A22750D009601DD /* Sources */ = {
			isa = PBXSourcesBuildPhase;
			buildActionMask = 2147483647;
			files = (
				F637CF631A22750D009601DD /* PostcardTests.swift in Sources */,
			);
			runOnlyForDeploymentPostprocessing = 0;
		};
/* End PBXSourcesBuildPhase section */

/* Begin PBXTargetDependency section */
		F637CF5E1A22750D009601DD /* PBXTargetDependency */ = {
			isa = PBXTargetDependency;
			target = F637CF461A22750D009601DD /* Postcard */;
			targetProxy = F637CF5D1A22750D009601DD /* PBXContainerItemProxy */;
		};
/* End PBXTargetDependency section */

/* Begin PBXVariantGroup section */
		F637CF501A22750D009601DD /* Main.storyboard */ = {
			isa = PBXVariantGroup;
			children = (
				F637CF511A22750D009601DD /* Base */,
			);
			name = Main.storyboard;
			sourceTree = "<group>";
		};
		F637CF551A22750D009601DD /* LaunchScreen.xib */ = {
			isa = PBXVariantGroup;
			children = (
				F637CF561A22750D009601DD /* Base */,
			);
			name = LaunchScreen.xib;
			sourceTree = "<group>";
		};
/* End PBXVariantGroup section */

/* Begin XCBuildConfiguration section */
		F637CF641A22750D009601DD /* Debug */ = {
			isa = XCBuildConfiguration;
			buildSettings = {
				ALWAYS_SEARCH_USER_PATHS = NO;
				CLANG_CXX_LANGUAGE_STANDARD = "gnu++0x";
				CLANG_CXX_LIBRARY = "libc++";
				CLANG_ENABLE_MODULES = YES;
				CLANG_ENABLE_OBJC_ARC = YES;
				CLANG_WARN_BOOL_CONVERSION = YES;
				CLANG_WARN_CONSTANT_CONVERSION = YES;
				CLANG_WARN_DIRECT_OBJC_ISA_USAGE = YES_ERROR;
				CLANG_WARN_EMPTY_BODY = YES;
				CLANG_WARN_ENUM_CONVERSION = YES;
				CLANG_WARN_INT_CONVERSION = YES;
				CLANG_WARN_OBJC_ROOT_CLASS = YES_ERROR;
				CLANG_WARN_UNREACHABLE_CODE = YES;
				CLANG_WARN__DUPLICATE_METHOD_MATCH = YES;
				"CODE_SIGN_IDENTITY[sdk=iphoneos*]" = "iPhone Developer";
				COPY_PHASE_STRIP = NO;
				ENABLE_STRICT_OBJC_MSGSEND = YES;
				GCC_C_LANGUAGE_STANDARD = gnu99;
				GCC_DYNAMIC_NO_PIC = NO;
				GCC_OPTIMIZATION_LEVEL = 0;
				GCC_PREPROCESSOR_DEFINITIONS = (
					"DEBUG=1",
					"$(inherited)",
				);
				GCC_SYMBOLS_PRIVATE_EXTERN = NO;
				GCC_WARN_64_TO_32_BIT_CONVERSION = YES;
				GCC_WARN_ABOUT_RETURN_TYPE = YES_ERROR;
				GCC_WARN_UNDECLARED_SELECTOR = YES;
				GCC_WARN_UNINITIALIZED_AUTOS = YES_AGGRESSIVE;
				GCC_WARN_UNUSED_FUNCTION = YES;
				GCC_WARN_UNUSED_VARIABLE = YES;
				IPHONEOS_DEPLOYMENT_TARGET = 8.1;
				MTL_ENABLE_DEBUG_INFO = YES;
				ONLY_ACTIVE_ARCH = YES;
				SDKROOT = iphoneos;
				SWIFT_OPTIMIZATION_LEVEL = "-Onone";
				TARGETED_DEVICE_FAMILY = "1,2";
			};
			name = Debug;
		};
		F637CF651A22750D009601DD /* Release */ = {
			isa = XCBuildConfiguration;
			buildSettings = {
				ALWAYS_SEARCH_USER_PATHS = NO;
				CLANG_CXX_LANGUAGE_STANDARD = "gnu++0x";
				CLANG_CXX_LIBRARY = "libc++";
				CLANG_ENABLE_MODULES = YES;
				CLANG_ENABLE_OBJC_ARC = YES;
				CLANG_WARN_BOOL_CONVERSION = YES;
				CLANG_WARN_CONSTANT_CONVERSION = YES;
				CLANG_WARN_DIRECT_OBJC_ISA_USAGE = YES_ERROR;
				CLANG_WARN_EMPTY_BODY = YES;
				CLANG_WARN_ENUM_CONVERSION = YES;
				CLANG_WARN_INT_CONVERSION = YES;
				CLANG_WARN_OBJC_ROOT_CLASS = YES_ERROR;
				CLANG_WARN_UNREACHABLE_CODE = YES;
				CLANG_WARN__DUPLICATE_METHOD_MATCH = YES;
				"CODE_SIGN_IDENTITY[sdk=iphoneos*]" = "iPhone Developer";
				COPY_PHASE_STRIP = YES;
				ENABLE_NS_ASSERTIONS = NO;
				ENABLE_STRICT_OBJC_MSGSEND = YES;
				GCC_C_LANGUAGE_STANDARD = gnu99;
				GCC_WARN_64_TO_32_BIT_CONVERSION = YES;
				GCC_WARN_ABOUT_RETURN_TYPE = YES_ERROR;
				GCC_WARN_UNDECLARED_SELECTOR = YES;
				GCC_WARN_UNINITIALIZED_AUTOS = YES_AGGRESSIVE;
				GCC_WARN_UNUSED_FUNCTION = YES;
				GCC_WARN_UNUSED_VARIABLE = YES;
				IPHONEOS_DEPLOYMENT_TARGET = 8.1;
				MTL_ENABLE_DEBUG_INFO = NO;
				SDKROOT = iphoneos;
				TARGETED_DEVICE_FAMILY = "1,2";
				VALIDATE_PRODUCT = YES;
			};
			name = Release;
		};
		F637CF671A22750D009601DD /* Debug */ = {
			isa = XCBuildConfiguration;
			buildSettings = {
				ASSETCATALOG_COMPILER_APPICON_NAME = AppIcon;
				INFOPLIST_FILE = Postcard/Info.plist;
				LD_RUNPATH_SEARCH_PATHS = "$(inherited) @executable_path/Frameworks";
				PRODUCT_NAME = "$(TARGET_NAME)";
			};
			name = Debug;
		};
		F637CF681A22750D009601DD /* Release */ = {
			isa = XCBuildConfiguration;
			buildSettings = {
				ASSETCATALOG_COMPILER_APPICON_NAME = AppIcon;
				INFOPLIST_FILE = Postcard/Info.plist;
				LD_RUNPATH_SEARCH_PATHS = "$(inherited) @executable_path/Frameworks";
				PRODUCT_NAME = "$(TARGET_NAME)";
			};
			name = Release;
		};
		F637CF6A1A22750D009601DD /* Debug */ = {
			isa = XCBuildConfiguration;
			buildSettings = {
				BUNDLE_LOADER = "$(TEST_HOST)";
				FRAMEWORK_SEARCH_PATHS = (
					"$(SDKROOT)/Developer/Library/Frameworks",
					"$(inherited)",
				);
				GCC_PREPROCESSOR_DEFINITIONS = (
					"DEBUG=1",
					"$(inherited)",
				);
				INFOPLIST_FILE = PostcardTests/Info.plist;
				LD_RUNPATH_SEARCH_PATHS = "$(inherited) @executable_path/Frameworks @loader_path/Frameworks";
				PRODUCT_NAME = "$(TARGET_NAME)";
				TEST_HOST = "$(BUILT_PRODUCTS_DIR)/Postcard.app/Postcard";
			};
			name = Debug;
		};
		F637CF6B1A22750D009601DD /* Release */ = {
			isa = XCBuildConfiguration;
			buildSettings = {
				BUNDLE_LOADER = "$(TEST_HOST)";
				FRAMEWORK_SEARCH_PATHS = (
					"$(SDKROOT)/Developer/Library/Frameworks",
					"$(inherited)",
				);
				INFOPLIST_FILE = PostcardTests/Info.plist;
				LD_RUNPATH_SEARCH_PATHS = "$(inherited) @executable_path/Frameworks @loader_path/Frameworks";
				PRODUCT_NAME = "$(TARGET_NAME)";
				TEST_HOST = "$(BUILT_PRODUCTS_DIR)/Postcard.app/Postcard";
			};
			name = Release;
		};
/* End XCBuildConfiguration section */

/* Begin XCConfigurationList section */
		F637CF421A22750D009601DD /* Build configuration list for PBXProject "Postcard" */ = {
			isa = XCConfigurationList;
			buildConfigurations = (
				F637CF641A22750D009601DD /* Debug */,
				F637CF651A22750D009601DD /* Release */,
			);
			defaultConfigurationIsVisible = 0;
			defaultConfigurationName = Release;
		};
		F637CF661A22750D009601DD /* Build configuration list for PBXNativeTarget "Postcard" */ = {
			isa = XCConfigurationList;
			buildConfigurations = (
				F637CF671A22750D009601DD /* Debug */,
				F637CF681A22750D009601DD /* Release */,
			);
			defaultConfigurationIsVisible = 0;
		};
		F637CF691A22750D009601DD /* Build configuration list for PBXNativeTarget "PostcardTests" */ = {
			isa = XCConfigurationList;
			buildConfigurations = (
				F637CF6A1A22750D009601DD /* Debug */,
				F637CF6B1A22750D009601DD /* Release */,
			);
			defaultConfigurationIsVisible = 0;
		};
/* End XCConfigurationList section */
	};
	rootObject = F637CF3F1A22750D009601DD /* Project object */;
}
